// !$*UTF8*$!
{
	archiveVersion = 1;
	classes = {
	};
	objectVersion = 50;
	objects = {

/* Begin PBXBuildFile section */
		0BDE91A7B5B2216EE5A4AE5A /* Pods_CardSliderXcodeTests.framework in Frameworks */ = {isa = PBXBuildFile; fileRef = 9E4307B6C9758596107F4E58 /* Pods_CardSliderXcodeTests.framework */; };
		191234032E96169689FC547B /* Pods_CardSliderXcode.framework in Frameworks */ = {isa = PBXBuildFile; fileRef = 38FFAFD9AC28C58F4560126B /* Pods_CardSliderXcode.framework */; };
		212084CE25C43E5200FCBCD8 /* AppDelegate.swift in Sources */ = {isa = PBXBuildFile; fileRef = 212084CD25C43E5200FCBCD8 /* AppDelegate.swift */; };
		212084D025C43E5200FCBCD8 /* SceneDelegate.swift in Sources */ = {isa = PBXBuildFile; fileRef = 212084CF25C43E5200FCBCD8 /* SceneDelegate.swift */; };
		212084D225C43E5200FCBCD8 /* ViewController.swift in Sources */ = {isa = PBXBuildFile; fileRef = 212084D125C43E5200FCBCD8 /* ViewController.swift */; };
		212084D525C43E5200FCBCD8 /* Main.storyboard in Resources */ = {isa = PBXBuildFile; fileRef = 212084D325C43E5200FCBCD8 /* Main.storyboard */; };
		212084D725C43E5600FCBCD8 /* Assets.xcassets in Resources */ = {isa = PBXBuildFile; fileRef = 212084D625C43E5600FCBCD8 /* Assets.xcassets */; };
		212084DA25C43E5600FCBCD8 /* LaunchScreen.storyboard in Resources */ = {isa = PBXBuildFile; fileRef = 212084D825C43E5600FCBCD8 /* LaunchScreen.storyboard */; };
		212084E525C43E5600FCBCD8 /* CardSliderXcodeTests.swift in Sources */ = {isa = PBXBuildFile; fileRef = 212084E425C43E5600FCBCD8 /* CardSliderXcodeTests.swift */; };
		212084F025C43E5600FCBCD8 /* CardSliderXcodeUITests.swift in Sources */ = {isa = PBXBuildFile; fileRef = 212084EF25C43E5600FCBCD8 /* CardSliderXcodeUITests.swift */; };
		D6E7C12F45CD70C2C40551D6 /* Pods_CardSliderXcode_CardSliderXcodeUITests.framework in Frameworks */ = {isa = PBXBuildFile; fileRef = 9EDFE218A83F42836730E4FB /* Pods_CardSliderXcode_CardSliderXcodeUITests.framework */; };
/* End PBXBuildFile section */

/* Begin PBXContainerItemProxy section */
		212084E125C43E5600FCBCD8 /* PBXContainerItemProxy */ = {
			isa = PBXContainerItemProxy;
			containerPortal = 212084C225C43E5200FCBCD8 /* Project object */;
			proxyType = 1;
			remoteGlobalIDString = 212084C925C43E5200FCBCD8;
			remoteInfo = CardSliderXcode;
		};
		212084EC25C43E5600FCBCD8 /* PBXContainerItemProxy */ = {
			isa = PBXContainerItemProxy;
			containerPortal = 212084C225C43E5200FCBCD8 /* Project object */;
			proxyType = 1;
			remoteGlobalIDString = 212084C925C43E5200FCBCD8;
			remoteInfo = CardSliderXcode;
		};
/* End PBXContainerItemProxy section */

/* Begin PBXFileReference section */
		1E1E0CF34A1063C4569844D7 /* Pods-CardSliderXcode.debug.xcconfig */ = {isa = PBXFileReference; includeInIndex = 1; lastKnownFileType = text.xcconfig; name = "Pods-CardSliderXcode.debug.xcconfig"; path = "Target Support Files/Pods-CardSliderXcode/Pods-CardSliderXcode.debug.xcconfig"; sourceTree = "<group>"; };
		212084CA25C43E5200FCBCD8 /* CardSliderXcode.app */ = {isa = PBXFileReference; explicitFileType = wrapper.application; includeInIndex = 0; path = CardSliderXcode.app; sourceTree = BUILT_PRODUCTS_DIR; };
		212084CD25C43E5200FCBCD8 /* AppDelegate.swift */ = {isa = PBXFileReference; lastKnownFileType = sourcecode.swift; path = AppDelegate.swift; sourceTree = "<group>"; };
		212084CF25C43E5200FCBCD8 /* SceneDelegate.swift */ = {isa = PBXFileReference; lastKnownFileType = sourcecode.swift; path = SceneDelegate.swift; sourceTree = "<group>"; };
		212084D125C43E5200FCBCD8 /* ViewController.swift */ = {isa = PBXFileReference; lastKnownFileType = sourcecode.swift; path = ViewController.swift; sourceTree = "<group>"; };
		212084D425C43E5200FCBCD8 /* Base */ = {isa = PBXFileReference; lastKnownFileType = file.storyboard; name = Base; path = Base.lproj/Main.storyboard; sourceTree = "<group>"; };
		212084D625C43E5600FCBCD8 /* Assets.xcassets */ = {isa = PBXFileReference; lastKnownFileType = folder.assetcatalog; path = Assets.xcassets; sourceTree = "<group>"; };
		212084D925C43E5600FCBCD8 /* Base */ = {isa = PBXFileReference; lastKnownFileType = file.storyboard; name = Base; path = Base.lproj/LaunchScreen.storyboard; sourceTree = "<group>"; };
		212084DB25C43E5600FCBCD8 /* Info.plist */ = {isa = PBXFileReference; lastKnownFileType = text.plist.xml; path = Info.plist; sourceTree = "<group>"; };
		212084E025C43E5600FCBCD8 /* CardSliderXcodeTests.xctest */ = {isa = PBXFileReference; explicitFileType = wrapper.cfbundle; includeInIndex = 0; path = CardSliderXcodeTests.xctest; sourceTree = BUILT_PRODUCTS_DIR; };
		212084E425C43E5600FCBCD8 /* CardSliderXcodeTests.swift */ = {isa = PBXFileReference; lastKnownFileType = sourcecode.swift; path = CardSliderXcodeTests.swift; sourceTree = "<group>"; };
		212084E625C43E5600FCBCD8 /* Info.plist */ = {isa = PBXFileReference; lastKnownFileType = text.plist.xml; path = Info.plist; sourceTree = "<group>"; };
		212084EB25C43E5600FCBCD8 /* CardSliderXcodeUITests.xctest */ = {isa = PBXFileReference; explicitFileType = wrapper.cfbundle; includeInIndex = 0; path = CardSliderXcodeUITests.xctest; sourceTree = BUILT_PRODUCTS_DIR; };
		212084EF25C43E5600FCBCD8 /* CardSliderXcodeUITests.swift */ = {isa = PBXFileReference; lastKnownFileType = sourcecode.swift; path = CardSliderXcodeUITests.swift; sourceTree = "<group>"; };
		212084F125C43E5600FCBCD8 /* Info.plist */ = {isa = PBXFileReference; lastKnownFileType = text.plist.xml; path = Info.plist; sourceTree = "<group>"; };
		38FFAFD9AC28C58F4560126B /* Pods_CardSliderXcode.framework */ = {isa = PBXFileReference; explicitFileType = wrapper.framework; includeInIndex = 0; path = Pods_CardSliderXcode.framework; sourceTree = BUILT_PRODUCTS_DIR; };
		727B05640CE19039CB1AAB52 /* Pods-CardSliderXcodeTests.debug.xcconfig */ = {isa = PBXFileReference; includeInIndex = 1; lastKnownFileType = text.xcconfig; name = "Pods-CardSliderXcodeTests.debug.xcconfig"; path = "Target Support Files/Pods-CardSliderXcodeTests/Pods-CardSliderXcodeTests.debug.xcconfig"; sourceTree = "<group>"; };
		9AB3C844087B6442390DA50F /* Pods-CardSliderXcode-CardSliderXcodeUITests.release.xcconfig */ = {isa = PBXFileReference; includeInIndex = 1; lastKnownFileType = text.xcconfig; name = "Pods-CardSliderXcode-CardSliderXcodeUITests.release.xcconfig"; path = "Target Support Files/Pods-CardSliderXcode-CardSliderXcodeUITests/Pods-CardSliderXcode-CardSliderXcodeUITests.release.xcconfig"; sourceTree = "<group>"; };
		9E4307B6C9758596107F4E58 /* Pods_CardSliderXcodeTests.framework */ = {isa = PBXFileReference; explicitFileType = wrapper.framework; includeInIndex = 0; path = Pods_CardSliderXcodeTests.framework; sourceTree = BUILT_PRODUCTS_DIR; };
		9EDFE218A83F42836730E4FB /* Pods_CardSliderXcode_CardSliderXcodeUITests.framework */ = {isa = PBXFileReference; explicitFileType = wrapper.framework; includeInIndex = 0; path = Pods_CardSliderXcode_CardSliderXcodeUITests.framework; sourceTree = BUILT_PRODUCTS_DIR; };
		B0FB78BCA770C7533B08638D /* Pods-CardSliderXcode-CardSliderXcodeUITests.debug.xcconfig */ = {isa = PBXFileReference; includeInIndex = 1; lastKnownFileType = text.xcconfig; name = "Pods-CardSliderXcode-CardSliderXcodeUITests.debug.xcconfig"; path = "Target Support Files/Pods-CardSliderXcode-CardSliderXcodeUITests/Pods-CardSliderXcode-CardSliderXcodeUITests.debug.xcconfig"; sourceTree = "<group>"; };
		B9DF141BEB48480EC1A21873 /* Pods-CardSliderXcodeTests.release.xcconfig */ = {isa = PBXFileReference; includeInIndex = 1; lastKnownFileType = text.xcconfig; name = "Pods-CardSliderXcodeTests.release.xcconfig"; path = "Target Support Files/Pods-CardSliderXcodeTests/Pods-CardSliderXcodeTests.release.xcconfig"; sourceTree = "<group>"; };
		CCAC1CD8A67B955D9D7EEE22 /* Pods-CardSliderXcode.release.xcconfig */ = {isa = PBXFileReference; includeInIndex = 1; lastKnownFileType = text.xcconfig; name = "Pods-CardSliderXcode.release.xcconfig"; path = "Target Support Files/Pods-CardSliderXcode/Pods-CardSliderXcode.release.xcconfig"; sourceTree = "<group>"; };
/* End PBXFileReference section */

/* Begin PBXFrameworksBuildPhase section */
		212084C725C43E5200FCBCD8 /* Frameworks */ = {
			isa = PBXFrameworksBuildPhase;
			buildActionMask = 2147483647;
			files = (
				191234032E96169689FC547B /* Pods_CardSliderXcode.framework in Frameworks */,
			);
			runOnlyForDeploymentPostprocessing = 0;
		};
		212084DD25C43E5600FCBCD8 /* Frameworks */ = {
			isa = PBXFrameworksBuildPhase;
			buildActionMask = 2147483647;
			files = (
				0BDE91A7B5B2216EE5A4AE5A /* Pods_CardSliderXcodeTests.framework in Frameworks */,
			);
			runOnlyForDeploymentPostprocessing = 0;
		};
		212084E825C43E5600FCBCD8 /* Frameworks */ = {
			isa = PBXFrameworksBuildPhase;
			buildActionMask = 2147483647;
			files = (
				D6E7C12F45CD70C2C40551D6 /* Pods_CardSliderXcode_CardSliderXcodeUITests.framework in Frameworks */,
			);
			runOnlyForDeploymentPostprocessing = 0;
		};
/* End PBXFrameworksBuildPhase section */

/* Begin PBXGroup section */
		212084C125C43E5200FCBCD8 = {
			isa = PBXGroup;
			children = (
				212084CC25C43E5200FCBCD8 /* CardSliderXcode */,
				212084E325C43E5600FCBCD8 /* CardSliderXcodeTests */,
				212084EE25C43E5600FCBCD8 /* CardSliderXcodeUITests */,
				212084CB25C43E5200FCBCD8 /* Products */,
				A282FAFB6553DECE52681177 /* Pods */,
				A2C9973D83EA5C28F6BD963D /* Frameworks */,
			);
			sourceTree = "<group>";
		};
		212084CB25C43E5200FCBCD8 /* Products */ = {
			isa = PBXGroup;
			children = (
				212084CA25C43E5200FCBCD8 /* CardSliderXcode.app */,
				212084E025C43E5600FCBCD8 /* CardSliderXcodeTests.xctest */,
				212084EB25C43E5600FCBCD8 /* CardSliderXcodeUITests.xctest */,
			);
			name = Products;
			sourceTree = "<group>";
		};
		212084CC25C43E5200FCBCD8 /* CardSliderXcode */ = {
			isa = PBXGroup;
			children = (
				212084CD25C43E5200FCBCD8 /* AppDelegate.swift */,
				212084CF25C43E5200FCBCD8 /* SceneDelegate.swift */,
				212084D125C43E5200FCBCD8 /* ViewController.swift */,
				212084D325C43E5200FCBCD8 /* Main.storyboard */,
				212084D625C43E5600FCBCD8 /* Assets.xcassets */,
				212084D825C43E5600FCBCD8 /* LaunchScreen.storyboard */,
				212084DB25C43E5600FCBCD8 /* Info.plist */,
			);
			path = CardSliderXcode;
			sourceTree = "<group>";
		};
		212084E325C43E5600FCBCD8 /* CardSliderXcodeTests */ = {
			isa = PBXGroup;
			children = (
				212084E425C43E5600FCBCD8 /* CardSliderXcodeTests.swift */,
				212084E625C43E5600FCBCD8 /* Info.plist */,
			);
			path = CardSliderXcodeTests;
			sourceTree = "<group>";
		};
		212084EE25C43E5600FCBCD8 /* CardSliderXcodeUITests */ = {
			isa = PBXGroup;
			children = (
				212084EF25C43E5600FCBCD8 /* CardSliderXcodeUITests.swift */,
				212084F125C43E5600FCBCD8 /* Info.plist */,
			);
			path = CardSliderXcodeUITests;
			sourceTree = "<group>";
		};
		A282FAFB6553DECE52681177 /* Pods */ = {
			isa = PBXGroup;
			children = (
				1E1E0CF34A1063C4569844D7 /* Pods-CardSliderXcode.debug.xcconfig */,
				CCAC1CD8A67B955D9D7EEE22 /* Pods-CardSliderXcode.release.xcconfig */,
				B0FB78BCA770C7533B08638D /* Pods-CardSliderXcode-CardSliderXcodeUITests.debug.xcconfig */,
				9AB3C844087B6442390DA50F /* Pods-CardSliderXcode-CardSliderXcodeUITests.release.xcconfig */,
				727B05640CE19039CB1AAB52 /* Pods-CardSliderXcodeTests.debug.xcconfig */,
				B9DF141BEB48480EC1A21873 /* Pods-CardSliderXcodeTests.release.xcconfig */,
			);
			name = Pods;
			path = Pods;
			sourceTree = "<group>";
		};
		A2C9973D83EA5C28F6BD963D /* Frameworks */ = {
			isa = PBXGroup;
			children = (
				38FFAFD9AC28C58F4560126B /* Pods_CardSliderXcode.framework */,
				9EDFE218A83F42836730E4FB /* Pods_CardSliderXcode_CardSliderXcodeUITests.framework */,
				9E4307B6C9758596107F4E58 /* Pods_CardSliderXcodeTests.framework */,
			);
			name = Frameworks;
			sourceTree = "<group>";
		};
/* End PBXGroup section */

/* Begin PBXNativeTarget section */
		212084C925C43E5200FCBCD8 /* CardSliderXcode */ = {
			isa = PBXNativeTarget;
			buildConfigurationList = 212084F425C43E5600FCBCD8 /* Build configuration list for PBXNativeTarget "CardSliderXcode" */;
			buildPhases = (
				8DB44BD1EE5E45B2866035D6 /* [CP] Check Pods Manifest.lock */,
				212084C625C43E5200FCBCD8 /* Sources */,
				212084C725C43E5200FCBCD8 /* Frameworks */,
				212084C825C43E5200FCBCD8 /* Resources */,
				9900FC086466785767AECA3E /* [CP] Embed Pods Frameworks */,
			);
			buildRules = (
			);
			dependencies = (
			);
			name = CardSliderXcode;
			productName = CardSliderXcode;
			productReference = 212084CA25C43E5200FCBCD8 /* CardSliderXcode.app */;
			productType = "com.apple.product-type.application";
		};
		212084DF25C43E5600FCBCD8 /* CardSliderXcodeTests */ = {
			isa = PBXNativeTarget;
			buildConfigurationList = 212084F725C43E5600FCBCD8 /* Build configuration list for PBXNativeTarget "CardSliderXcodeTests" */;
			buildPhases = (
				B8FF09A18B2B87B330B803E7 /* [CP] Check Pods Manifest.lock */,
				212084DC25C43E5600FCBCD8 /* Sources */,
				212084DD25C43E5600FCBCD8 /* Frameworks */,
				212084DE25C43E5600FCBCD8 /* Resources */,
			);
			buildRules = (
			);
			dependencies = (
				212084E225C43E5600FCBCD8 /* PBXTargetDependency */,
			);
			name = CardSliderXcodeTests;
			productName = CardSliderXcodeTests;
			productReference = 212084E025C43E5600FCBCD8 /* CardSliderXcodeTests.xctest */;
			productType = "com.apple.product-type.bundle.unit-test";
		};
		212084EA25C43E5600FCBCD8 /* CardSliderXcodeUITests */ = {
			isa = PBXNativeTarget;
			buildConfigurationList = 212084FA25C43E5600FCBCD8 /* Build configuration list for PBXNativeTarget "CardSliderXcodeUITests" */;
			buildPhases = (
				2D99B053F3BD98B914C83926 /* [CP] Check Pods Manifest.lock */,
				212084E725C43E5600FCBCD8 /* Sources */,
				212084E825C43E5600FCBCD8 /* Frameworks */,
				212084E925C43E5600FCBCD8 /* Resources */,
				708D047824152443E91AB87F /* [CP] Embed Pods Frameworks */,
			);
			buildRules = (
			);
			dependencies = (
				212084ED25C43E5600FCBCD8 /* PBXTargetDependency */,
			);
			name = CardSliderXcodeUITests;
			productName = CardSliderXcodeUITests;
			productReference = 212084EB25C43E5600FCBCD8 /* CardSliderXcodeUITests.xctest */;
			productType = "com.apple.product-type.bundle.ui-testing";
		};
/* End PBXNativeTarget section */

/* Begin PBXProject section */
		212084C225C43E5200FCBCD8 /* Project object */ = {
			isa = PBXProject;
			attributes = {
				LastSwiftUpdateCheck = 1240;
				LastUpgradeCheck = 1240;
				TargetAttributes = {
					212084C925C43E5200FCBCD8 = {
						CreatedOnToolsVersion = 12.4;
					};
					212084DF25C43E5600FCBCD8 = {
						CreatedOnToolsVersion = 12.4;
						TestTargetID = 212084C925C43E5200FCBCD8;
					};
					212084EA25C43E5600FCBCD8 = {
						CreatedOnToolsVersion = 12.4;
						TestTargetID = 212084C925C43E5200FCBCD8;
					};
				};
			};
			buildConfigurationList = 212084C525C43E5200FCBCD8 /* Build configuration list for PBXProject "CardSliderXcode" */;
			compatibilityVersion = "Xcode 9.3";
			developmentRegion = en;
			hasScannedForEncodings = 0;
			knownRegions = (
				en,
				Base,
			);
			mainGroup = 212084C125C43E5200FCBCD8;
			productRefGroup = 212084CB25C43E5200FCBCD8 /* Products */;
			projectDirPath = "";
			projectRoot = "";
			targets = (
				212084C925C43E5200FCBCD8 /* CardSliderXcode */,
				212084DF25C43E5600FCBCD8 /* CardSliderXcodeTests */,
				212084EA25C43E5600FCBCD8 /* CardSliderXcodeUITests */,
			);
		};
/* End PBXProject section */

/* Begin PBXResourcesBuildPhase section */
		212084C825C43E5200FCBCD8 /* Resources */ = {
			isa = PBXResourcesBuildPhase;
			buildActionMask = 2147483647;
			files = (
				212084DA25C43E5600FCBCD8 /* LaunchScreen.storyboard in Resources */,
				212084D725C43E5600FCBCD8 /* Assets.xcassets in Resources */,
				212084D525C43E5200FCBCD8 /* Main.storyboard in Resources */,
			);
			runOnlyForDeploymentPostprocessing = 0;
		};
		212084DE25C43E5600FCBCD8 /* Resources */ = {
			isa = PBXResourcesBuildPhase;
			buildActionMask = 2147483647;
			files = (
			);
			runOnlyForDeploymentPostprocessing = 0;
		};
		212084E925C43E5600FCBCD8 /* Resources */ = {
			isa = PBXResourcesBuildPhase;
			buildActionMask = 2147483647;
			files = (
			);
			runOnlyForDeploymentPostprocessing = 0;
		};
/* End PBXResourcesBuildPhase section */

/* Begin PBXShellScriptBuildPhase section */
		2D99B053F3BD98B914C83926 /* [CP] Check Pods Manifest.lock */ = {
			isa = PBXShellScriptBuildPhase;
			buildActionMask = 2147483647;
			files = (
			);
			inputFileListPaths = (
			);
			inputPaths = (
				"${PODS_PODFILE_DIR_PATH}/Podfile.lock",
				"${PODS_ROOT}/Manifest.lock",
			);
			name = "[CP] Check Pods Manifest.lock";
			outputFileListPaths = (
			);
			outputPaths = (
				"$(DERIVED_FILE_DIR)/Pods-CardSliderXcode-CardSliderXcodeUITests-checkManifestLockResult.txt",
			);
			runOnlyForDeploymentPostprocessing = 0;
			shellPath = /bin/sh;
			shellScript = "diff \"${PODS_PODFILE_DIR_PATH}/Podfile.lock\" \"${PODS_ROOT}/Manifest.lock\" > /dev/null\nif [ $? != 0 ] ; then\n    # print error to STDERR\n    echo \"error: The sandbox is not in sync with the Podfile.lock. Run 'pod install' or update your CocoaPods installation.\" >&2\n    exit 1\nfi\n# This output is used by Xcode 'outputs' to avoid re-running this script phase.\necho \"SUCCESS\" > \"${SCRIPT_OUTPUT_FILE_0}\"\n";
			showEnvVarsInLog = 0;
		};
		708D047824152443E91AB87F /* [CP] Embed Pods Frameworks */ = {
			isa = PBXShellScriptBuildPhase;
			buildActionMask = 2147483647;
			files = (
			);
			inputFileListPaths = (
				"${PODS_ROOT}/Target Support Files/Pods-CardSliderXcode-CardSliderXcodeUITests/Pods-CardSliderXcode-CardSliderXcodeUITests-frameworks-${CONFIGURATION}-input-files.xcfilelist",
			);
			name = "[CP] Embed Pods Frameworks";
			outputFileListPaths = (
				"${PODS_ROOT}/Target Support Files/Pods-CardSliderXcode-CardSliderXcodeUITests/Pods-CardSliderXcode-CardSliderXcodeUITests-frameworks-${CONFIGURATION}-output-files.xcfilelist",
			);
			runOnlyForDeploymentPostprocessing = 0;
			shellPath = /bin/sh;
			shellScript = "\"${PODS_ROOT}/Target Support Files/Pods-CardSliderXcode-CardSliderXcodeUITests/Pods-CardSliderXcode-CardSliderXcodeUITests-frameworks.sh\"\n";
			showEnvVarsInLog = 0;
		};
		8DB44BD1EE5E45B2866035D6 /* [CP] Check Pods Manifest.lock */ = {
			isa = PBXShellScriptBuildPhase;
			buildActionMask = 2147483647;
			files = (
			);
			inputFileListPaths = (
			);
			inputPaths = (
				"${PODS_PODFILE_DIR_PATH}/Podfile.lock",
				"${PODS_ROOT}/Manifest.lock",
			);
			name = "[CP] Check Pods Manifest.lock";
			outputFileListPaths = (
			);
			outputPaths = (
				"$(DERIVED_FILE_DIR)/Pods-CardSliderXcode-checkManifestLockResult.txt",
			);
			runOnlyForDeploymentPostprocessing = 0;
			shellPath = /bin/sh;
			shellScript = "diff \"${PODS_PODFILE_DIR_PATH}/Podfile.lock\" \"${PODS_ROOT}/Manifest.lock\" > /dev/null\nif [ $? != 0 ] ; then\n    # print error to STDERR\n    echo \"error: The sandbox is not in sync with the Podfile.lock. Run 'pod install' or update your CocoaPods installation.\" >&2\n    exit 1\nfi\n# This output is used by Xcode 'outputs' to avoid re-running this script phase.\necho \"SUCCESS\" > \"${SCRIPT_OUTPUT_FILE_0}\"\n";
			showEnvVarsInLog = 0;
		};
		9900FC086466785767AECA3E /* [CP] Embed Pods Frameworks */ = {
			isa = PBXShellScriptBuildPhase;
			buildActionMask = 2147483647;
			files = (
			);
			inputFileListPaths = (
				"${PODS_ROOT}/Target Support Files/Pods-CardSliderXcode/Pods-CardSliderXcode-frameworks-${CONFIGURATION}-input-files.xcfilelist",
			);
			name = "[CP] Embed Pods Frameworks";
			outputFileListPaths = (
				"${PODS_ROOT}/Target Support Files/Pods-CardSliderXcode/Pods-CardSliderXcode-frameworks-${CONFIGURATION}-output-files.xcfilelist",
			);
			runOnlyForDeploymentPostprocessing = 0;
			shellPath = /bin/sh;
			shellScript = "\"${PODS_ROOT}/Target Support Files/Pods-CardSliderXcode/Pods-CardSliderXcode-frameworks.sh\"\n";
			showEnvVarsInLog = 0;
		};
		B8FF09A18B2B87B330B803E7 /* [CP] Check Pods Manifest.lock */ = {
			isa = PBXShellScriptBuildPhase;
			buildActionMask = 2147483647;
			files = (
			);
			inputFileListPaths = (
			);
			inputPaths = (
				"${PODS_PODFILE_DIR_PATH}/Podfile.lock",
				"${PODS_ROOT}/Manifest.lock",
			);
			name = "[CP] Check Pods Manifest.lock";
			outputFileListPaths = (
			);
			outputPaths = (
				"$(DERIVED_FILE_DIR)/Pods-CardSliderXcodeTests-checkManifestLockResult.txt",
			);
			runOnlyForDeploymentPostprocessing = 0;
			shellPath = /bin/sh;
			shellScript = "diff \"${PODS_PODFILE_DIR_PATH}/Podfile.lock\" \"${PODS_ROOT}/Manifest.lock\" > /dev/null\nif [ $? != 0 ] ; then\n    # print error to STDERR\n    echo \"error: The sandbox is not in sync with the Podfile.lock. Run 'pod install' or update your CocoaPods installation.\" >&2\n    exit 1\nfi\n# This output is used by Xcode 'outputs' to avoid re-running this script phase.\necho \"SUCCESS\" > \"${SCRIPT_OUTPUT_FILE_0}\"\n";
			showEnvVarsInLog = 0;
		};
/* End PBXShellScriptBuildPhase section */

/* Begin PBXSourcesBuildPhase section */
		212084C625C43E5200FCBCD8 /* Sources */ = {
			isa = PBXSourcesBuildPhase;
			buildActionMask = 2147483647;
			files = (
				212084D225C43E5200FCBCD8 /* ViewController.swift in Sources */,
				212084CE25C43E5200FCBCD8 /* AppDelegate.swift in Sources */,
				212084D025C43E5200FCBCD8 /* SceneDelegate.swift in Sources */,
			);
			runOnlyForDeploymentPostprocessing = 0;
		};
		212084DC25C43E5600FCBCD8 /* Sources */ = {
			isa = PBXSourcesBuildPhase;
			buildActionMask = 2147483647;
			files = (
				212084E525C43E5600FCBCD8 /* CardSliderXcodeTests.swift in Sources */,
			);
			runOnlyForDeploymentPostprocessing = 0;
		};
		212084E725C43E5600FCBCD8 /* Sources */ = {
			isa = PBXSourcesBuildPhase;
			buildActionMask = 2147483647;
			files = (
				212084F025C43E5600FCBCD8 /* CardSliderXcodeUITests.swift in Sources */,
			);
			runOnlyForDeploymentPostprocessing = 0;
		};
/* End PBXSourcesBuildPhase section */

/* Begin PBXTargetDependency section */
		212084E225C43E5600FCBCD8 /* PBXTargetDependency */ = {
			isa = PBXTargetDependency;
			target = 212084C925C43E5200FCBCD8 /* CardSliderXcode */;
			targetProxy = 212084E125C43E5600FCBCD8 /* PBXContainerItemProxy */;
		};
		212084ED25C43E5600FCBCD8 /* PBXTargetDependency */ = {
			isa = PBXTargetDependency;
			target = 212084C925C43E5200FCBCD8 /* CardSliderXcode */;
			targetProxy = 212084EC25C43E5600FCBCD8 /* PBXContainerItemProxy */;
		};
/* End PBXTargetDependency section */

/* Begin PBXVariantGroup section */
		212084D325C43E5200FCBCD8 /* Main.storyboard */ = {
			isa = PBXVariantGroup;
			children = (
				212084D425C43E5200FCBCD8 /* Base */,
			);
			name = Main.storyboard;
			sourceTree = "<group>";
		};
		212084D825C43E5600FCBCD8 /* LaunchScreen.storyboard */ = {
			isa = PBXVariantGroup;
			children = (
				212084D925C43E5600FCBCD8 /* Base */,
			);
			name = LaunchScreen.storyboard;
			sourceTree = "<group>";
		};
/* End PBXVariantGroup section */

/* Begin XCBuildConfiguration section */
		212084F225C43E5600FCBCD8 /* Debug */ = {
			isa = XCBuildConfiguration;
			buildSettings = {
				ALWAYS_SEARCH_USER_PATHS = NO;
				CLANG_ANALYZER_NONNULL = YES;
				CLANG_ANALYZER_NUMBER_OBJECT_CONVERSION = YES_AGGRESSIVE;
				CLANG_CXX_LANGUAGE_STANDARD = "gnu++14";
				CLANG_CXX_LIBRARY = "libc++";
				CLANG_ENABLE_MODULES = YES;
				CLANG_ENABLE_OBJC_ARC = YES;
				CLANG_ENABLE_OBJC_WEAK = YES;
				CLANG_WARN_BLOCK_CAPTURE_AUTORELEASING = YES;
				CLANG_WARN_BOOL_CONVERSION = YES;
				CLANG_WARN_COMMA = YES;
				CLANG_WARN_CONSTANT_CONVERSION = YES;
				CLANG_WARN_DEPRECATED_OBJC_IMPLEMENTATIONS = YES;
				CLANG_WARN_DIRECT_OBJC_ISA_USAGE = YES_ERROR;
				CLANG_WARN_DOCUMENTATION_COMMENTS = YES;
				CLANG_WARN_EMPTY_BODY = YES;
				CLANG_WARN_ENUM_CONVERSION = YES;
				CLANG_WARN_INFINITE_RECURSION = YES;
				CLANG_WARN_INT_CONVERSION = YES;
				CLANG_WARN_NON_LITERAL_NULL_CONVERSION = YES;
				CLANG_WARN_OBJC_IMPLICIT_RETAIN_SELF = YES;
				CLANG_WARN_OBJC_LITERAL_CONVERSION = YES;
				CLANG_WARN_OBJC_ROOT_CLASS = YES_ERROR;
				CLANG_WARN_QUOTED_INCLUDE_IN_FRAMEWORK_HEADER = YES;
				CLANG_WARN_RANGE_LOOP_ANALYSIS = YES;
				CLANG_WARN_STRICT_PROTOTYPES = YES;
				CLANG_WARN_SUSPICIOUS_MOVE = YES;
				CLANG_WARN_UNGUARDED_AVAILABILITY = YES_AGGRESSIVE;
				CLANG_WARN_UNREACHABLE_CODE = YES;
				CLANG_WARN__DUPLICATE_METHOD_MATCH = YES;
				COPY_PHASE_STRIP = NO;
				DEBUG_INFORMATION_FORMAT = dwarf;
				ENABLE_STRICT_OBJC_MSGSEND = YES;
				ENABLE_TESTABILITY = YES;
				GCC_C_LANGUAGE_STANDARD = gnu11;
				GCC_DYNAMIC_NO_PIC = NO;
				GCC_NO_COMMON_BLOCKS = YES;
				GCC_OPTIMIZATION_LEVEL = 0;
				GCC_PREPROCESSOR_DEFINITIONS = (
					"DEBUG=1",
					"$(inherited)",
				);
				GCC_WARN_64_TO_32_BIT_CONVERSION = YES;
				GCC_WARN_ABOUT_RETURN_TYPE = YES_ERROR;
				GCC_WARN_UNDECLARED_SELECTOR = YES;
				GCC_WARN_UNINITIALIZED_AUTOS = YES_AGGRESSIVE;
				GCC_WARN_UNUSED_FUNCTION = YES;
				GCC_WARN_UNUSED_VARIABLE = YES;
				IPHONEOS_DEPLOYMENT_TARGET = 14.4;
				MTL_ENABLE_DEBUG_INFO = INCLUDE_SOURCE;
				MTL_FAST_MATH = YES;
				ONLY_ACTIVE_ARCH = YES;
				SDKROOT = iphoneos;
				SWIFT_ACTIVE_COMPILATION_CONDITIONS = DEBUG;
				SWIFT_OPTIMIZATION_LEVEL = "-Onone";
			};
			name = Debug;
		};
		212084F325C43E5600FCBCD8 /* Release */ = {
			isa = XCBuildConfiguration;
			buildSettings = {
				ALWAYS_SEARCH_USER_PATHS = NO;
				CLANG_ANALYZER_NONNULL = YES;
				CLANG_ANALYZER_NUMBER_OBJECT_CONVERSION = YES_AGGRESSIVE;
				CLANG_CXX_LANGUAGE_STANDARD = "gnu++14";
				CLANG_CXX_LIBRARY = "libc++";
				CLANG_ENABLE_MODULES = YES;
				CLANG_ENABLE_OBJC_ARC = YES;
				CLANG_ENABLE_OBJC_WEAK = YES;
				CLANG_WARN_BLOCK_CAPTURE_AUTORELEASING = YES;
				CLANG_WARN_BOOL_CONVERSION = YES;
				CLANG_WARN_COMMA = YES;
				CLANG_WARN_CONSTANT_CONVERSION = YES;
				CLANG_WARN_DEPRECATED_OBJC_IMPLEMENTATIONS = YES;
				CLANG_WARN_DIRECT_OBJC_ISA_USAGE = YES_ERROR;
				CLANG_WARN_DOCUMENTATION_COMMENTS = YES;
				CLANG_WARN_EMPTY_BODY = YES;
				CLANG_WARN_ENUM_CONVERSION = YES;
				CLANG_WARN_INFINITE_RECURSION = YES;
				CLANG_WARN_INT_CONVERSION = YES;
				CLANG_WARN_NON_LITERAL_NULL_CONVERSION = YES;
				CLANG_WARN_OBJC_IMPLICIT_RETAIN_SELF = YES;
				CLANG_WARN_OBJC_LITERAL_CONVERSION = YES;
				CLANG_WARN_OBJC_ROOT_CLASS = YES_ERROR;
				CLANG_WARN_QUOTED_INCLUDE_IN_FRAMEWORK_HEADER = YES;
				CLANG_WARN_RANGE_LOOP_ANALYSIS = YES;
				CLANG_WARN_STRICT_PROTOTYPES = YES;
				CLANG_WARN_SUSPICIOUS_MOVE = YES;
				CLANG_WARN_UNGUARDED_AVAILABILITY = YES_AGGRESSIVE;
				CLANG_WARN_UNREACHABLE_CODE = YES;
				CLANG_WARN__DUPLICATE_METHOD_MATCH = YES;
				COPY_PHASE_STRIP = NO;
				DEBUG_INFORMATION_FORMAT = "dwarf-with-dsym";
				ENABLE_NS_ASSERTIONS = NO;
				ENABLE_STRICT_OBJC_MSGSEND = YES;
				GCC_C_LANGUAGE_STANDARD = gnu11;
				GCC_NO_COMMON_BLOCKS = YES;
				GCC_WARN_64_TO_32_BIT_CONVERSION = YES;
				GCC_WARN_ABOUT_RETURN_TYPE = YES_ERROR;
				GCC_WARN_UNDECLARED_SELECTOR = YES;
				GCC_WARN_UNINITIALIZED_AUTOS = YES_AGGRESSIVE;
				GCC_WARN_UNUSED_FUNCTION = YES;
				GCC_WARN_UNUSED_VARIABLE = YES;
				IPHONEOS_DEPLOYMENT_TARGET = 14.4;
				MTL_ENABLE_DEBUG_INFO = NO;
				MTL_FAST_MATH = YES;
				SDKROOT = iphoneos;
				SWIFT_COMPILATION_MODE = wholemodule;
				SWIFT_OPTIMIZATION_LEVEL = "-O";
				VALIDATE_PRODUCT = YES;
			};
			name = Release;
		};
		212084F525C43E5600FCBCD8 /* Debug */ = {
			isa = XCBuildConfiguration;
			baseConfigurationReference = 1E1E0CF34A1063C4569844D7 /* Pods-CardSliderXcode.debug.xcconfig */;
			buildSettings = {
				ASSETCATALOG_COMPILER_APPICON_NAME = AppIcon;
				ASSETCATALOG_COMPILER_GLOBAL_ACCENT_COLOR_NAME = AccentColor;
				CODE_SIGN_STYLE = Automatic;
				DEVELOPMENT_TEAM = GL92UNQ3FG;
				INFOPLIST_FILE = CardSliderXcode/Info.plist;
				LD_RUNPATH_SEARCH_PATHS = (
					"$(inherited)",
					"@executable_path/Frameworks",
				);
				PRODUCT_BUNDLE_IDENTIFIER = "JANTEL-CORP.CardSliderXcode";
				PRODUCT_NAME = "$(TARGET_NAME)";
				SWIFT_VERSION = 5.0;
				TARGETED_DEVICE_FAMILY = "1,2";
			};
			name = Debug;
		};
		212084F625C43E5600FCBCD8 /* Release */ = {
			isa = XCBuildConfiguration;
			baseConfigurationReference = CCAC1CD8A67B955D9D7EEE22 /* Pods-CardSliderXcode.release.xcconfig */;
			buildSettings = {
				ASSETCATALOG_COMPILER_APPICON_NAME = AppIcon;
				ASSETCATALOG_COMPILER_GLOBAL_ACCENT_COLOR_NAME = AccentColor;
				CODE_SIGN_STYLE = Automatic;
				DEVELOPMENT_TEAM = GL92UNQ3FG;
				INFOPLIST_FILE = CardSliderXcode/Info.plist;
				LD_RUNPATH_SEARCH_PATHS = (
					"$(inherited)",
					"@executable_path/Frameworks",
				);
				PRODUCT_BUNDLE_IDENTIFIER = "JANTEL-CORP.CardSliderXcode";
				PRODUCT_NAME = "$(TARGET_NAME)";
				SWIFT_VERSION = 5.0;
				TARGETED_DEVICE_FAMILY = "1,2";
			};
			name = Release;
		};
		212084F825C43E5600FCBCD8 /* Debug */ = {
			isa = XCBuildConfiguration;
			baseConfigurationReference = 727B05640CE19039CB1AAB52 /* Pods-CardSliderXcodeTests.debug.xcconfig */;
			buildSettings = {
				ALWAYS_EMBED_SWIFT_STANDARD_LIBRARIES = YES;
				BUNDLE_LOADER = "$(TEST_HOST)";
				CODE_SIGN_STYLE = Automatic;
				DEVELOPMENT_TEAM = GL92UNQ3FG;
				INFOPLIST_FILE = CardSliderXcodeTests/Info.plist;
				IPHONEOS_DEPLOYMENT_TARGET = 14.4;
				LD_RUNPATH_SEARCH_PATHS = (
					"$(inherited)",
					"@executable_path/Frameworks",
					"@loader_path/Frameworks",
				);
				PRODUCT_BUNDLE_IDENTIFIER = "JANTEL-CORP.CardSliderXcodeTests";
				PRODUCT_NAME = "$(TARGET_NAME)";
				SWIFT_VERSION = 5.0;
				TARGETED_DEVICE_FAMILY = "1,2";
				TEST_HOST = "$(BUILT_PRODUCTS_DIR)/CardSliderXcode.app/CardSliderXcode";
			};
			name = Debug;
		};
		212084F925C43E5600FCBCD8 /* Release */ = {
			isa = XCBuildConfiguration;
			baseConfigurationReference = B9DF141BEB48480EC1A21873 /* Pods-CardSliderXcodeTests.release.xcconfig */;
			buildSettings = {
				ALWAYS_EMBED_SWIFT_STANDARD_LIBRARIES = YES;
				BUNDLE_LOADER = "$(TEST_HOST)";
				CODE_SIGN_STYLE = Automatic;
				DEVELOPMENT_TEAM = GL92UNQ3FG;
				INFOPLIST_FILE = CardSliderXcodeTests/Info.plist;
				IPHONEOS_DEPLOYMENT_TARGET = 14.4;
				LD_RUNPATH_SEARCH_PATHS = (
					"$(inherited)",
					"@executable_path/Frameworks",
					"@loader_path/Frameworks",
				);
				PRODUCT_BUNDLE_IDENTIFIER = "JANTEL-CORP.CardSliderXcodeTests";
				PRODUCT_NAME = "$(TARGET_NAME)";
				SWIFT_VERSION = 5.0;
				TARGETED_DEVICE_FAMILY = "1,2";
				TEST_HOST = "$(BUILT_PRODUCTS_DIR)/CardSliderXcode.app/CardSliderXcode";
			};
			name = Release;
		};
		212084FB25C43E5600FCBCD8 /* Debug */ = {
			isa = XCBuildConfiguration;
			baseConfigurationReference = B0FB78BCA770C7533B08638D /* Pods-CardSliderXcode-CardSliderXcodeUITests.debug.xcconfig */;
			buildSettings = {
				ALWAYS_EMBED_SWIFT_STANDARD_LIBRARIES = YES;
				CODE_SIGN_STYLE = Automatic;
				DEVELOPMENT_TEAM = GL92UNQ3FG;
				INFOPLIST_FILE = CardSliderXcodeUITests/Info.plist;
				LD_RUNPATH_SEARCH_PATHS = (
					"$(inherited)",
					"@executable_path/Frameworks",
					"@loader_path/Frameworks",
				);
				PRODUCT_BUNDLE_IDENTIFIER = "JANTEL-CORP.CardSliderXcodeUITests";
				PRODUCT_NAME = "$(TARGET_NAME)";
				SWIFT_VERSION = 5.0;
				TARGETED_DEVICE_FAMILY = "1,2";
				TEST_TARGET_NAME = CardSliderXcode;
			};
			name = Debug;
		};
		212084FC25C43E5600FCBCD8 /* Release */ = {
			isa = XCBuildConfiguration;
			baseConfigurationReference = 9AB3C844087B6442390DA50F /* Pods-CardSliderXcode-CardSliderXcodeUITests.release.xcconfig */;
			buildSettings = {
				ALWAYS_EMBED_SWIFT_STANDARD_LIBRARIES = YES;
				CODE_SIGN_STYLE = Automatic;
				DEVELOPMENT_TEAM = GL92UNQ3FG;
				INFOPLIST_FILE = CardSliderXcodeUITests/Info.plist;
				LD_RUNPATH_SEARCH_PATHS = (
					"$(inherited)",
					"@executable_path/Frameworks",
					"@loader_path/Frameworks",
				);
				PRODUCT_BUNDLE_IDENTIFIER = "JANTEL-CORP.CardSliderXcodeUITests";
				PRODUCT_NAME = "$(TARGET_NAME)";
				SWIFT_VERSION = 5.0;
				TARGETED_DEVICE_FAMILY = "1,2";
				TEST_TARGET_NAME = CardSliderXcode;
			};
			name = Release;
		};
/* End XCBuildConfiguration section */

/* Begin XCConfigurationList section */
		212084C525C43E5200FCBCD8 /* Build configuration list for PBXProject "CardSliderXcode" */ = {
			isa = XCConfigurationList;
			buildConfigurations = (
				212084F225C43E5600FCBCD8 /* Debug */,
				212084F325C43E5600FCBCD8 /* Release */,
			);
			defaultConfigurationIsVisible = 0;
			defaultConfigurationName = Release;
		};
		212084F425C43E5600FCBCD8 /* Build configuration list for PBXNativeTarget "CardSliderXcode" */ = {
			isa = XCConfigurationList;
			buildConfigurations = (
				212084F525C43E5600FCBCD8 /* Debug */,
				212084F625C43E5600FCBCD8 /* Release */,
			);
			defaultConfigurationIsVisible = 0;
			defaultConfigurationName = Release;
		};
		212084F725C43E5600FCBCD8 /* Build configuration list for PBXNativeTarget "CardSliderXcodeTests" */ = {
			isa = XCConfigurationList;
			buildConfigurations = (
				212084F825C43E5600FCBCD8 /* Debug */,
				212084F925C43E5600FCBCD8 /* Release */,
			);
			defaultConfigurationIsVisible = 0;
			defaultConfigurationName = Release;
		};
		212084FA25C43E5600FCBCD8 /* Build configuration list for PBXNativeTarget "CardSliderXcodeUITests" */ = {
			isa = XCConfigurationList;
			buildConfigurations = (
				212084FB25C43E5600FCBCD8 /* Debug */,
				212084FC25C43E5600FCBCD8 /* Release */,
			);
			defaultConfigurationIsVisible = 0;
			defaultConfigurationName = Release;
		};
/* End XCConfigurationList section */
	};
	rootObject = 212084C225C43E5200FCBCD8 /* Project object */;
}
